
Microsoft Visual Studio Solution File, Format Version 12.00
Project("{FAE04EC0-301F-11D3-BF4B-00C04F79EFBC}") = "spectrum-to-lut", "spectrum-to-lut\spectrum-to-lut.csproj", "{C6CB20BB-E16A-4C95-BD21-A3D60D19FBAB}"
EndProject
Global
	GlobalSection(SolutionConfigurationPlatforms) = preSolution
		Debug|Any CPU = Debug|Any CPU
		Release|Any CPU = Release|Any CPU
	EndGlobalSection
	GlobalSection(ProjectConfigurationPlatforms) = postSolution
		{C6CB20BB-E16A-4C95-BD21-A3D60D19FBAB}.Debug|Any CPU.ActiveCfg = Debug|Any CPU
		{C6CB20BB-E16A-4C95-BD21-A3D60D19FBAB}.Debug|Any CPU.Build.0 = Debug|Any CPU
		{C6CB20BB-E16A-4C95-BD21-A3D60D19FBAB}.Release|Any CPU.ActiveCfg = Release|Any CPU
		{C6CB20BB-E16A-4C95-BD21-A3D60D19FBAB}.Release|Any CPU.Build.0 = Release|Any CPU
	EndGlobalSection
EndGlobal
